
Microsoft Visual Studio Solution File, Format Version 12.00
Project("{FAE04EC0-301F-11D3-BF4B-00C04F79EFBC}") = "CXS_WebAPI", "CXS_WebAPI\CXS_WebAPI.csproj", "{B032E1AA-21F4-43DC-90D3-EE2E094BB433}"
EndProject
Global
	GlobalSection(SolutionConfigurationPlatforms) = preSolution
		Debug|Any CPU = Debug|Any CPU
		Release|Any CPU = Release|Any CPU
	EndGlobalSection
	GlobalSection(ProjectConfigurationPlatforms) = postSolution
		{B032E1AA-21F4-43DC-90D3-EE2E094BB433}.Debug|Any CPU.ActiveCfg = Debug|Any CPU
		{B032E1AA-21F4-43DC-90D3-EE2E094BB433}.Debug|Any CPU.Build.0 = Debug|Any CPU
		{B032E1AA-21F4-43DC-90D3-EE2E094BB433}.Release|Any CPU.ActiveCfg = Release|Any CPU
		{B032E1AA-21F4-43DC-90D3-EE2E094BB433}.Release|Any CPU.Build.0 = Release|Any CPU
	EndGlobalSection
EndGlobal
